
Microsoft Visual Studio Solution File, Format Version 12.00
# Visual Studio Version 17
VisualStudioVersion = 17.2.32602.215
MinimumVisualStudioVersion = 10.0.40219.1
Project("{9A19103F-16F7-4668-BE54-9A1E7A4F7556}") = "PureMarket.System", "PureMarket.System\PureMarket.System.csproj", "{BF737781-E04F-41A2-86A3-522485897065}"
EndProject
Project("{9A19103F-16F7-4668-BE54-9A1E7A4F7556}") = "PureMarket.Console", "PureMarket.Console\PureMarket.Console.csproj", "{A2B547BF-D4F2-401D-B0C1-E1F930612F0F}"
EndProject
Project("{FAE04EC0-301F-11D3-BF4B-00C04F79EFBC}") = "PureMarket.Tests", "PureMarket.Tests\PureMarket.Tests.csproj", "{3B145E87-7BAB-4F45-AAC9-26DD99C36053}"
EndProject
Global
	GlobalSection(SolutionConfigurationPlatforms) = preSolution
		Debug|Any CPU = Debug|Any CPU
		Release|Any CPU = Release|Any CPU
	EndGlobalSection
	GlobalSection(ProjectConfigurationPlatforms) = postSolution
		{BF737781-E04F-41A2-86A3-522485897065}.Debug|Any CPU.ActiveCfg = Debug|Any CPU
		{BF737781-E04F-41A2-86A3-522485897065}.Debug|Any CPU.Build.0 = Debug|Any CPU
		{BF737781-E04F-41A2-86A3-522485897065}.Release|Any CPU.ActiveCfg = Release|Any CPU
		{BF737781-E04F-41A2-86A3-522485897065}.Release|Any CPU.Build.0 = Release|Any CPU
		{A2B547BF-D4F2-401D-B0C1-E1F930612F0F}.Debug|Any CPU.ActiveCfg = Debug|Any CPU
		{A2B547BF-D4F2-401D-B0C1-E1F930612F0F}.Debug|Any CPU.Build.0 = Debug|Any CPU
		{A2B547BF-D4F2-401D-B0C1-E1F930612F0F}.Release|Any CPU.ActiveCfg = Release|Any CPU
		{A2B547BF-D4F2-401D-B0C1-E1F930612F0F}.Release|Any CPU.Build.0 = Release|Any CPU
		{3B145E87-7BAB-4F45-AAC9-26DD99C36053}.Debug|Any CPU.ActiveCfg = Debug|Any CPU
		{3B145E87-7BAB-4F45-AAC9-26DD99C36053}.Debug|Any CPU.Build.0 = Debug|Any CPU
		{3B145E87-7BAB-4F45-AAC9-26DD99C36053}.Release|Any CPU.ActiveCfg = Release|Any CPU
		{3B145E87-7BAB-4F45-AAC9-26DD99C36053}.Release|Any CPU.Build.0 = Release|Any CPU
	EndGlobalSection
	GlobalSection(SolutionProperties) = preSolution
		HideSolutionNode = FALSE
	EndGlobalSection
	GlobalSection(ExtensibilityGlobals) = postSolution
		SolutionGuid = {3F51BAD9-8216-4CD0-9DB2-3CBACDF3A453}
	EndGlobalSection
EndGlobal
